
Microsoft Visual Studio Solution File, Format Version 12.00
# Visual Studio Version 17
VisualStudioVersion = 17.10.35027.167
MinimumVisualStudioVersion = 10.0.40219.1
Project("{FAE04EC0-301F-11D3-BF4B-00C04F79EFBC}") = "SimpleRAG", "SimpleRAG.csproj", "{CAD87365-3668-4A59-A9A3-807BED5ED088}"
EndProject
Global
	GlobalSection(SolutionConfigurationPlatforms) = preSolution
		Debug|Any CPU = Debug|Any CPU
		Release|Any CPU = Release|Any CPU
	EndGlobalSection
	GlobalSection(ProjectConfigurationPlatforms) = postSolution
		{CAD87365-3668-4A59-A9A3-807BED5ED088}.Debug|Any CPU.ActiveCfg = Debug|Any CPU
		{CAD87365-3668-4A59-A9A3-807BED5ED088}.Debug|Any CPU.Build.0 = Debug|Any CPU
		{CAD87365-3668-4A59-A9A3-807BED5ED088}.Release|Any CPU.ActiveCfg = Release|Any CPU
		{CAD87365-3668-4A59-A9A3-807BED5ED088}.Release|Any CPU.Build.0 = Release|Any CPU
	EndGlobalSection
	GlobalSection(SolutionProperties) = preSolution
		HideSolutionNode = FALSE
	EndGlobalSection
	GlobalSection(ExtensibilityGlobals) = postSolution
		SolutionGuid = {2306BBD7-F719-4512-B96D-6C48DBDFCC40}
	EndGlobalSection
EndGlobal
